dependencies:
- name: loki
  repository: https://grafana.github.io/helm-charts
  version: 6.29.0
- name: kube-prometheus-stack
  repository: https://prometheus-community.github.io/helm-charts
  version: 45.7.1
digest: sha256:a34b7084658e46100d8e19000edb63d7fd8715155dee0ac6f9a4a839c00cb225
generated: "2026-05-17T21:16:22.863005223-05:00"
