dependencies:
- name: loki
  repository: https://grafana.github.io/helm-charts
  version: 7.3.0
- name: kube-prometheus-stack
  repository: https://prometheus-community.github.io/helm-charts
  version: 88.6.5
- name: alloy
  repository: https://grafana.github.io/helm-charts
  version: 1.12.1
digest: sha256:0aa1c0822290d711217a7d4acb68ac56a38ea81f15c57abe2410d39c0da4305f
generated: "2026-09-14T05:26:02.816875926Z"
