dependencies:
- name: loki
  repository: https://grafana.github.io/helm-charts
  version: 7.3.0
- name: kube-prometheus-stack
  repository: https://prometheus-community.github.io/helm-charts
  version: 90.2.0
- name: alloy
  repository: https://grafana.github.io/helm-charts
  version: 1.12.1
digest: sha256:bd0f99ef304651bfa4cecb2109cf484f3e2d175f75c5490906808971c6f2da3e
generated: "2026-09-14T05:41:23.71126021Z"
